// !$*UTF8*$!
{
	archiveVersion = 1;
	classes = {
	};
	objectVersion = 46;
	objects = {

/* Begin PBXBuildFile section */
		AA4DC9E816F360E50060A000 /* UIKit.framework in Frameworks */ = {isa = PBXBuildFile; fileRef = AA4DC9E716F360E50060A000 /* UIKit.framework */; };
		AA4DC9EA16F360E50060A000 /* Foundation.framework in Frameworks */ = {isa = PBXBuildFile; fileRef = AA4DC9E916F360E50060A000 /* Foundation.framework */; };
		AA4DC9EC16F360E50060A000 /* CoreGraphics.framework in Frameworks */ = {isa = PBXBuildFile; fileRef = AA4DC9EB16F360E50060A000 /* CoreGraphics.framework */; };
		AA4DC9F216F360E50060A000 /* InfoPlist.strings in Resources */ = {isa = PBXBuildFile; fileRef = AA4DC9F016F360E50060A000 /* InfoPlist.strings */; };
		AA4DC9F416F360E50060A000 /* main.m in Sources */ = {isa = PBXBuildFile; fileRef = AA4DC9F316F360E50060A000 /* main.m */; };
		AA4DC9F816F360E50060A000 /* AppDelegate.m in Sources */ = {isa = PBXBuildFile; fileRef = AA4DC9F716F360E50060A000 /* AppDelegate.m */; };
		AA4DC9FA16F360E50060A000 /* Default.png in Resources */ = {isa = PBXBuildFile; fileRef = AA4DC9F916F360E50060A000 /* Default.png */; };
		AA4DC9FC16F360E50060A000 /* Default@2x.png in Resources */ = {isa = PBXBuildFile; fileRef = AA4DC9FB16F360E50060A000 /* Default@2x.png */; };
		AA4DC9FE16F360E50060A000 /* Default-568h@2x.png in Resources */ = {isa = PBXBuildFile; fileRef = AA4DC9FD16F360E50060A000 /* Default-568h@2x.png */; };
		AA4DCA0516F3610F0060A000 /* MyWebView.xib in Resources */ = {isa = PBXBuildFile; fileRef = AA4DCA0416F3610F0060A000 /* MyWebView.xib */; };
		AA4DCA0816F361D30060A000 /* MyWebViewController.m in Sources */ = {isa = PBXBuildFile; fileRef = AA4DCA0716F361D30060A000 /* MyWebViewController.m */; };
		AA4DCA5716F5A68A0060A000 /* Face.m in Sources */ = {isa = PBXBuildFile; fileRef = AA4DCA5216F5A68A0060A000 /* Face.m */; };
		AA4DCA5816F5A68A0060A000 /* Mesh.m in Sources */ = {isa = PBXBuildFile; fileRef = AA4DCA5416F5A68A0060A000 /* Mesh.m */; };
		AA4DCA5916F5A68A0060A000 /* Vertex.m in Sources */ = {isa = PBXBuildFile; fileRef = AA4DCA5616F5A68A0060A000 /* Vertex.m */; };
		AA72E33B16F60587004D29F5 /* index_2.html in Resources */ = {isa = PBXBuildFile; fileRef = AA72E33916F60587004D29F5 /* index_2.html */; };
		AABEA4BC170483100038C7DA /* glMatrix-0.9.5.min.js in Resources */ = {isa = PBXBuildFile; fileRef = AABEA4BA170482B40038C7DA /* glMatrix-0.9.5.min.js */; };
		AAC83A7A16FDCD040047C796 /* MobileCoreServices.framework in Frameworks */ = {isa = PBXBuildFile; fileRef = AAC83A7916FDCD040047C796 /* MobileCoreServices.framework */; };
		AAC83A7C16FDCD250047C796 /* SystemConfiguration.framework in Frameworks */ = {isa = PBXBuildFile; fileRef = AAC83A7B16FDCD250047C796 /* SystemConfiguration.framework */; };
		AAE8D08816FE0A2400999531 /* AFHTTPClient.h in Headers */ = {isa = PBXBuildFile; fileRef = AAE8D07516FE0A2400999531 /* AFHTTPClient.h */; };
		AAE8D08916FE0A2400999531 /* AFHTTPClient.m in Sources */ = {isa = PBXBuildFile; fileRef = AAE8D07616FE0A2400999531 /* AFHTTPClient.m */; };
		AAE8D08A16FE0A2400999531 /* AFHTTPRequestOperation.h in Headers */ = {isa = PBXBuildFile; fileRef = AAE8D07716FE0A2400999531 /* AFHTTPRequestOperation.h */; };
		AAE8D08B16FE0A2400999531 /* AFHTTPRequestOperation.m in Sources */ = {isa = PBXBuildFile; fileRef = AAE8D07816FE0A2400999531 /* AFHTTPRequestOperation.m */; };
		AAE8D08C16FE0A2400999531 /* AFImageRequestOperation.h in Headers */ = {isa = PBXBuildFile; fileRef = AAE8D07916FE0A2400999531 /* AFImageRequestOperation.h */; };
		AAE8D08D16FE0A2400999531 /* AFImageRequestOperation.m in Sources */ = {isa = PBXBuildFile; fileRef = AAE8D07A16FE0A2400999531 /* AFImageRequestOperation.m */; };
		AAE8D08E16FE0A2400999531 /* AFJSONRequestOperation.h in Headers */ = {isa = PBXBuildFile; fileRef = AAE8D07B16FE0A2400999531 /* AFJSONRequestOperation.h */; };
		AAE8D08F16FE0A2400999531 /* AFJSONRequestOperation.m in Sources */ = {isa = PBXBuildFile; fileRef = AAE8D07C16FE0A2400999531 /* AFJSONRequestOperation.m */; };
		AAE8D09016FE0A2400999531 /* AFNetworkActivityIndicatorManager.h in Headers */ = {isa = PBXBuildFile; fileRef = AAE8D07D16FE0A2400999531 /* AFNetworkActivityIndicatorManager.h */; };
		AAE8D09116FE0A2400999531 /* AFNetworkActivityIndicatorManager.m in Sources */ = {isa = PBXBuildFile; fileRef = AAE8D07E16FE0A2400999531 /* AFNetworkActivityIndicatorManager.m */; };
		AAE8D09216FE0A2400999531 /* AFNetworking.h in Headers */ = {isa = PBXBuildFile; fileRef = AAE8D07F16FE0A2400999531 /* AFNetworking.h */; };
		AAE8D09316FE0A2400999531 /* AFPropertyListRequestOperation.h in Headers */ = {isa = PBXBuildFile; fileRef = AAE8D08016FE0A2400999531 /* AFPropertyListRequestOperation.h */; };
		AAE8D09416FE0A2400999531 /* AFPropertyListRequestOperation.m in Sources */ = {isa = PBXBuildFile; fileRef = AAE8D08116FE0A2400999531 /* AFPropertyListRequestOperation.m */; };
		AAE8D09516FE0A2400999531 /* AFURLConnectionOperation.h in Headers */ = {isa = PBXBuildFile; fileRef = AAE8D08216FE0A2400999531 /* AFURLConnectionOperation.h */; };
		AAE8D09616FE0A2400999531 /* AFURLConnectionOperation.m in Sources */ = {isa = PBXBuildFile; fileRef = AAE8D08316FE0A2400999531 /* AFURLConnectionOperation.m */; };
		AAE8D09716FE0A2400999531 /* AFXMLRequestOperation.h in Headers */ = {isa = PBXBuildFile; fileRef = AAE8D08416FE0A2400999531 /* AFXMLRequestOperation.h */; };
		AAE8D09816FE0A2400999531 /* AFXMLRequestOperation.m in Sources */ = {isa = PBXBuildFile; fileRef = AAE8D08516FE0A2400999531 /* AFXMLRequestOperation.m */; };
		AAE8D09916FE0A2400999531 /* UIImageView+AFNetworking.h in Headers */ = {isa = PBXBuildFile; fileRef = AAE8D08616FE0A2400999531 /* UIImageView+AFNetworking.h */; };
		AAE8D09A16FE0A2400999531 /* UIImageView+AFNetworking.m in Sources */ = {isa = PBXBuildFile; fileRef = AAE8D08716FE0A2400999531 /* UIImageView+AFNetworking.m */; };
		AAE8D09E1702D2F300999531 /* RemoteModel.h in Headers */ = {isa = PBXBuildFile; fileRef = AAE8D09C1702D2F200999531 /* RemoteModel.h */; };
		AAE8D09F1702D2F300999531 /* RemoteModel.m in Sources */ = {isa = PBXBuildFile; fileRef = AAE8D09D1702D2F200999531 /* RemoteModel.m */; };
		AAE8D0A21702D53F00999531 /* XMLParser.h in Headers */ = {isa = PBXBuildFile; fileRef = AAE8D0A01702D53F00999531 /* XMLParser.h */; };
		AAE8D0A31702D53F00999531 /* XMLParser.m in Sources */ = {isa = PBXBuildFile; fileRef = AAE8D0A11702D53F00999531 /* XMLParser.m */; };
		AAE8D0B9170358CE00999531 /* TestTableViewController.h in Headers */ = {isa = PBXBuildFile; fileRef = AAE8D0B6170358CD00999531 /* TestTableViewController.h */; };
		AAE8D0BA170358CE00999531 /* TestTableViewController.m in Sources */ = {isa = PBXBuildFile; fileRef = AAE8D0B7170358CD00999531 /* TestTableViewController.m */; };
		AAE8D0BB170358CE00999531 /* TestTableViewController.xib in Resources */ = {isa = PBXBuildFile; fileRef = AAE8D0B8170358CE00999531 /* TestTableViewController.xib */; };
/* End PBXBuildFile section */

/* Begin PBXCopyFilesBuildPhase section */
		AAC83A7716FDCC5B0047C796 /* CopyFiles */ = {
			isa = PBXCopyFilesBuildPhase;
			buildActionMask = 2147483647;
			dstPath = "";
			dstSubfolderSpec = 7;
			files = (
			);
			runOnlyForDeploymentPostprocessing = 0;
		};
/* End PBXCopyFilesBuildPhase section */

/* Begin PBXFileReference section */
		AA4DC9E416F360E50060A000 /* Test.app */ = {isa = PBXFileReference; explicitFileType = wrapper.application; includeInIndex = 0; path = Test.app; sourceTree = BUILT_PRODUCTS_DIR; };
		AA4DC9E716F360E50060A000 /* UIKit.framework */ = {isa = PBXFileReference; lastKnownFileType = wrapper.framework; name = UIKit.framework; path = System/Library/Frameworks/UIKit.framework; sourceTree = SDKROOT; };
		AA4DC9E916F360E50060A000 /* Foundation.framework */ = {isa = PBXFileReference; lastKnownFileType = wrapper.framework; name = Foundation.framework; path = System/Library/Frameworks/Foundation.framework; sourceTree = SDKROOT; };
		AA4DC9EB16F360E50060A000 /* CoreGraphics.framework */ = {isa = PBXFileReference; lastKnownFileType = wrapper.framework; name = CoreGraphics.framework; path = System/Library/Frameworks/CoreGraphics.framework; sourceTree = SDKROOT; };
		AA4DC9EF16F360E50060A000 /* Test-Info.plist */ = {isa = PBXFileReference; lastKnownFileType = text.plist.xml; path = "Test-Info.plist"; sourceTree = "<group>"; };
		AA4DC9F116F360E50060A000 /* en */ = {isa = PBXFileReference; lastKnownFileType = text.plist.strings; name = en; path = en.lproj/InfoPlist.strings; sourceTree = "<group>"; };
		AA4DC9F316F360E50060A000 /* main.m */ = {isa = PBXFileReference; lastKnownFileType = sourcecode.c.objc; path = main.m; sourceTree = "<group>"; };
		AA4DC9F516F360E50060A000 /* Test-Prefix.pch */ = {isa = PBXFileReference; lastKnownFileType = sourcecode.c.h; path = "Test-Prefix.pch"; sourceTree = "<group>"; };
		AA4DC9F616F360E50060A000 /* AppDelegate.h */ = {isa = PBXFileReference; lastKnownFileType = sourcecode.c.h; path = AppDelegate.h; sourceTree = "<group>"; };
		AA4DC9F716F360E50060A000 /* AppDelegate.m */ = {isa = PBXFileReference; lastKnownFileType = sourcecode.c.objc; path = AppDelegate.m; sourceTree = "<group>"; };
		AA4DC9F916F360E50060A000 /* Default.png */ = {isa = PBXFileReference; lastKnownFileType = image.png; path = Default.png; sourceTree = "<group>"; };
		AA4DC9FB16F360E50060A000 /* Default@2x.png */ = {isa = PBXFileReference; lastKnownFileType = image.png; path = "Default@2x.png"; sourceTree = "<group>"; };
		AA4DC9FD16F360E50060A000 /* Default-568h@2x.png */ = {isa = PBXFileReference; lastKnownFileType = image.png; path = "Default-568h@2x.png"; sourceTree = "<group>"; };
		AA4DCA0416F3610F0060A000 /* MyWebView.xib */ = {isa = PBXFileReference; fileEncoding = 4; lastKnownFileType = file.xib; path = MyWebView.xib; sourceTree = "<group>"; };
		AA4DCA0616F361D30060A000 /* MyWebViewController.h */ = {isa = PBXFileReference; fileEncoding = 4; lastKnownFileType = sourcecode.c.h; path = MyWebViewController.h; sourceTree = "<group>"; };
		AA4DCA0716F361D30060A000 /* MyWebViewController.m */ = {isa = PBXFileReference; fileEncoding = 4; lastKnownFileType = sourcecode.c.objc; path = MyWebViewController.m; sourceTree = "<group>"; };
		AA4DCA5116F5A68A0060A000 /* Face.h */ = {isa = PBXFileReference; fileEncoding = 4; lastKnownFileType = sourcecode.c.h; name = Face.h; path = Test/Face.h; sourceTree = "<group>"; };
		AA4DCA5216F5A68A0060A000 /* Face.m */ = {isa = PBXFileReference; fileEncoding = 4; lastKnownFileType = sourcecode.c.objc; name = Face.m; path = Test/Face.m; sourceTree = "<group>"; };
		AA4DCA5316F5A68A0060A000 /* Mesh.h */ = {isa = PBXFileReference; fileEncoding = 4; lastKnownFileType = sourcecode.c.h; name = Mesh.h; path = Test/Mesh.h; sourceTree = "<group>"; };
		AA4DCA5416F5A68A0060A000 /* Mesh.m */ = {isa = PBXFileReference; fileEncoding = 4; lastKnownFileType = sourcecode.c.objc; name = Mesh.m; path = Test/Mesh.m; sourceTree = "<group>"; };
		AA4DCA5516F5A68A0060A000 /* Vertex.h */ = {isa = PBXFileReference; fileEncoding = 4; lastKnownFileType = sourcecode.c.h; name = Vertex.h; path = Test/Vertex.h; sourceTree = "<group>"; };
		AA4DCA5616F5A68A0060A000 /* Vertex.m */ = {isa = PBXFileReference; fileEncoding = 4; lastKnownFileType = sourcecode.c.objc; name = Vertex.m; path = Test/Vertex.m; sourceTree = "<group>"; };
		AA72E33916F60587004D29F5 /* index_2.html */ = {isa = PBXFileReference; fileEncoding = 4; lastKnownFileType = text.html; path = index_2.html; sourceTree = "<group>"; };
		AABEA4BA170482B40038C7DA /* glMatrix-0.9.5.min.js */ = {isa = PBXFileReference; fileEncoding = 4; lastKnownFileType = sourcecode.javascript; path = "glMatrix-0.9.5.min.js"; sourceTree = "<group>"; };
		AAC83A7916FDCD040047C796 /* MobileCoreServices.framework */ = {isa = PBXFileReference; lastKnownFileType = wrapper.framework; name = MobileCoreServices.framework; path = System/Library/Frameworks/MobileCoreServices.framework; sourceTree = SDKROOT; };
		AAC83A7B16FDCD250047C796 /* SystemConfiguration.framework */ = {isa = PBXFileReference; lastKnownFileType = wrapper.framework; name = SystemConfiguration.framework; path = System/Library/Frameworks/SystemConfiguration.framework; sourceTree = SDKROOT; };
		AAE8D07516FE0A2400999531 /* AFHTTPClient.h */ = {isa = PBXFileReference; fileEncoding = 4; lastKnownFileType = sourcecode.c.h; path = AFHTTPClient.h; sourceTree = "<group>"; };
		AAE8D07616FE0A2400999531 /* AFHTTPClient.m */ = {isa = PBXFileReference; fileEncoding = 4; lastKnownFileType = sourcecode.c.objc; path = AFHTTPClient.m; sourceTree = "<group>"; };
		AAE8D07716FE0A2400999531 /* AFHTTPRequestOperation.h */ = {isa = PBXFileReference; fileEncoding = 4; lastKnownFileType = sourcecode.c.h; path = AFHTTPRequestOperation.h; sourceTree = "<group>"; };
		AAE8D07816FE0A2400999531 /* AFHTTPRequestOperation.m */ = {isa = PBXFileReference; fileEncoding = 4; lastKnownFileType = sourcecode.c.objc; path = AFHTTPRequestOperation.m; sourceTree = "<group>"; };
		AAE8D07916FE0A2400999531 /* AFImageRequestOperation.h */ = {isa = PBXFileReference; fileEncoding = 4; lastKnownFileType = sourcecode.c.h; path = AFImageRequestOperation.h; sourceTree = "<group>"; };
		AAE8D07A16FE0A2400999531 /* AFImageRequestOperation.m */ = {isa = PBXFileReference; fileEncoding = 4; lastKnownFileType = sourcecode.c.objc; path = AFImageRequestOperation.m; sourceTree = "<group>"; };
		AAE8D07B16FE0A2400999531 /* AFJSONRequestOperation.h */ = {isa = PBXFileReference; fileEncoding = 4; lastKnownFileType = sourcecode.c.h; path = AFJSONRequestOperation.h; sourceTree = "<group>"; };
		AAE8D07C16FE0A2400999531 /* AFJSONRequestOperation.m */ = {isa = PBXFileReference; fileEncoding = 4; lastKnownFileType = sourcecode.c.objc; path = AFJSONRequestOperation.m; sourceTree = "<group>"; };
		AAE8D07D16FE0A2400999531 /* AFNetworkActivityIndicatorManager.h */ = {isa = PBXFileReference; fileEncoding = 4; lastKnownFileType = sourcecode.c.h; path = AFNetworkActivityIndicatorManager.h; sourceTree = "<group>"; };
		AAE8D07E16FE0A2400999531 /* AFNetworkActivityIndicatorManager.m */ = {isa = PBXFileReference; fileEncoding = 4; lastKnownFileType = sourcecode.c.objc; path = AFNetworkActivityIndicatorManager.m; sourceTree = "<group>"; };
		AAE8D07F16FE0A2400999531 /* AFNetworking.h */ = {isa = PBXFileReference; fileEncoding = 4; lastKnownFileType = sourcecode.c.h; path = AFNetworking.h; sourceTree = "<group>"; };
		AAE8D08016FE0A2400999531 /* AFPropertyListRequestOperation.h */ = {isa = PBXFileReference; fileEncoding = 4; lastKnownFileType = sourcecode.c.h; path = AFPropertyListRequestOperation.h; sourceTree = "<group>"; };
		AAE8D08116FE0A2400999531 /* AFPropertyListRequestOperation.m */ = {isa = PBXFileReference; fileEncoding = 4; lastKnownFileType = sourcecode.c.objc; path = AFPropertyListRequestOperation.m; sourceTree = "<group>"; };
		AAE8D08216FE0A2400999531 /* AFURLConnectionOperation.h */ = {isa = PBXFileReference; fileEncoding = 4; lastKnownFileType = sourcecode.c.h; path = AFURLConnectionOperation.h; sourceTree = "<group>"; };
		AAE8D08316FE0A2400999531 /* AFURLConnectionOperation.m */ = {isa = PBXFileReference; fileEncoding = 4; lastKnownFileType = sourcecode.c.objc; path = AFURLConnectionOperation.m; sourceTree = "<group>"; };
		AAE8D08416FE0A2400999531 /* AFXMLRequestOperation.h */ = {isa = PBXFileReference; fileEncoding = 4; lastKnownFileType = sourcecode.c.h; path = AFXMLRequestOperation.h; sourceTree = "<group>"; };
		AAE8D08516FE0A2400999531 /* AFXMLRequestOperation.m */ = {isa = PBXFileReference; fileEncoding = 4; lastKnownFileType = sourcecode.c.objc; path = AFXMLRequestOperation.m; sourceTree = "<group>"; };
		AAE8D08616FE0A2400999531 /* UIImageView+AFNetworking.h */ = {isa = PBXFileReference; fileEncoding = 4; lastKnownFileType = sourcecode.c.h; path = "UIImageView+AFNetworking.h"; sourceTree = "<group>"; };
		AAE8D08716FE0A2400999531 /* UIImageView+AFNetworking.m */ = {isa = PBXFileReference; fileEncoding = 4; lastKnownFileType = sourcecode.c.objc; path = "UIImageView+AFNetworking.m"; sourceTree = "<group>"; };
		AAE8D09C1702D2F200999531 /* RemoteModel.h */ = {isa = PBXFileReference; fileEncoding = 4; lastKnownFileType = sourcecode.c.h; path = RemoteModel.h; sourceTree = "<group>"; };
		AAE8D09D1702D2F200999531 /* RemoteModel.m */ = {isa = PBXFileReference; fileEncoding = 4; lastKnownFileType = sourcecode.c.objc; path = RemoteModel.m; sourceTree = "<group>"; };
		AAE8D0A01702D53F00999531 /* XMLParser.h */ = {isa = PBXFileReference; fileEncoding = 4; lastKnownFileType = sourcecode.c.h; path = XMLParser.h; sourceTree = "<group>"; };
		AAE8D0A11702D53F00999531 /* XMLParser.m */ = {isa = PBXFileReference; fileEncoding = 4; lastKnownFileType = sourcecode.c.objc; path = XMLParser.m; sourceTree = "<group>"; };
		AAE8D0B6170358CD00999531 /* TestTableViewController.h */ = {isa = PBXFileReference; fileEncoding = 4; lastKnownFileType = sourcecode.c.h; path = TestTableViewController.h; sourceTree = "<group>"; };
		AAE8D0B7170358CD00999531 /* TestTableViewController.m */ = {isa = PBXFileReference; fileEncoding = 4; lastKnownFileType = sourcecode.c.objc; path = TestTableViewController.m; sourceTree = "<group>"; };
		AAE8D0B8170358CE00999531 /* TestTableViewController.xib */ = {isa = PBXFileReference; fileEncoding = 4; lastKnownFileType = file.xib; path = TestTableViewController.xib; sourceTree = "<group>"; };
		AAE8D0BC170416B000999531 /* PassURLDelegate.h */ = {isa = PBXFileReference; lastKnownFileType = sourcecode.c.h; path = PassURLDelegate.h; sourceTree = "<group>"; };
/* End PBXFileReference section */

/* Begin PBXFrameworksBuildPhase section */
		AA4DC9E116F360E50060A000 /* Frameworks */ = {
			isa = PBXFrameworksBuildPhase;
			buildActionMask = 2147483647;
			files = (
				AAC83A7C16FDCD250047C796 /* SystemConfiguration.framework in Frameworks */,
				AAC83A7A16FDCD040047C796 /* MobileCoreServices.framework in Frameworks */,
				AA4DC9E816F360E50060A000 /* UIKit.framework in Frameworks */,
				AA4DC9EA16F360E50060A000 /* Foundation.framework in Frameworks */,
				AA4DC9EC16F360E50060A000 /* CoreGraphics.framework in Frameworks */,
			);
			runOnlyForDeploymentPostprocessing = 0;
		};
/* End PBXFrameworksBuildPhase section */

/* Begin PBXGroup section */
		AA4DC9DB16F360E50060A000 = {
			isa = PBXGroup;
			children = (
				AA4DC9ED16F360E50060A000 /* Test */,
				AA4DC9E616F360E50060A000 /* Frameworks */,
				AA4DC9E516F360E50060A000 /* Products */,
			);
			sourceTree = "<group>";
		};
		AA4DC9E516F360E50060A000 /* Products */ = {
			isa = PBXGroup;
			children = (
				AA4DC9E416F360E50060A000 /* Test.app */,
			);
			name = Products;
			sourceTree = "<group>";
		};
		AA4DC9E616F360E50060A000 /* Frameworks */ = {
			isa = PBXGroup;
			children = (
				AAC83A7B16FDCD250047C796 /* SystemConfiguration.framework */,
				AAC83A7916FDCD040047C796 /* MobileCoreServices.framework */,
				AA4DC9E716F360E50060A000 /* UIKit.framework */,
				AA4DC9E916F360E50060A000 /* Foundation.framework */,
				AA4DC9EB16F360E50060A000 /* CoreGraphics.framework */,
			);
			name = Frameworks;
			sourceTree = "<group>";
		};
		AA4DC9ED16F360E50060A000 /* Test */ = {
			isa = PBXGroup;
			children = (
				AAE8D09B1702BD2000999531 /* Utils */,
				AAE8D07416FE0A2400999531 /* AFNetworking */,
				AA4DCA5016F5A6580060A000 /* Model */,
				AA4DC9F616F360E50060A000 /* AppDelegate.h */,
				AA4DC9F716F360E50060A000 /* AppDelegate.m */,
				AA4DC9EE16F360E50060A000 /* Supporting Files */,
				AA4DCA0416F3610F0060A000 /* MyWebView.xib */,
				AA4DCA0616F361D30060A000 /* MyWebViewController.h */,
				AA4DCA0716F361D30060A000 /* MyWebViewController.m */,
				AAE8D0B6170358CD00999531 /* TestTableViewController.h */,
				AAE8D0B7170358CD00999531 /* TestTableViewController.m */,
				AAE8D0B8170358CE00999531 /* TestTableViewController.xib */,
				AA4DCA4016F369ED0060A000 /* Resources */,
			);
			path = Test;
			sourceTree = "<group>";
		};
		AA4DC9EE16F360E50060A000 /* Supporting Files */ = {
			isa = PBXGroup;
			children = (
				AA4DC9EF16F360E50060A000 /* Test-Info.plist */,
				AA4DC9F016F360E50060A000 /* InfoPlist.strings */,
				AA4DC9F316F360E50060A000 /* main.m */,
				AA4DC9F516F360E50060A000 /* Test-Prefix.pch */,
				AA4DC9F916F360E50060A000 /* Default.png */,
				AA4DC9FB16F360E50060A000 /* Default@2x.png */,
				AA4DC9FD16F360E50060A000 /* Default-568h@2x.png */,
				AAE8D0BC170416B000999531 /* PassURLDelegate.h */,
			);
			name = "Supporting Files";
			sourceTree = "<group>";
		};
		AA4DCA4016F369ED0060A000 /* Resources */ = {
			isa = PBXGroup;
			children = (
				AABEA4BA170482B40038C7DA /* glMatrix-0.9.5.min.js */,
				AA72E33916F60587004D29F5 /* index_2.html */,
			);
			name = Resources;
			sourceTree = "<group>";
		};
		AA4DCA5016F5A6580060A000 /* Model */ = {
			isa = PBXGroup;
			children = (
				AA4DCA5116F5A68A0060A000 /* Face.h */,
				AA4DCA5216F5A68A0060A000 /* Face.m */,
				AA4DCA5316F5A68A0060A000 /* Mesh.h */,
				AA4DCA5416F5A68A0060A000 /* Mesh.m */,
				AA4DCA5516F5A68A0060A000 /* Vertex.h */,
				AA4DCA5616F5A68A0060A000 /* Vertex.m */,
				AAE8D09C1702D2F200999531 /* RemoteModel.h */,
				AAE8D09D1702D2F200999531 /* RemoteModel.m */,
			);
			name = Model;
			path = ..;
			sourceTree = "<group>";
		};
		AAE8D07416FE0A2400999531 /* AFNetworking */ = {
			isa = PBXGroup;
			children = (
				AAE8D07516FE0A2400999531 /* AFHTTPClient.h */,
				AAE8D07616FE0A2400999531 /* AFHTTPClient.m */,
				AAE8D07716FE0A2400999531 /* AFHTTPRequestOperation.h */,
				AAE8D07816FE0A2400999531 /* AFHTTPRequestOperation.m */,
				AAE8D07916FE0A2400999531 /* AFImageRequestOperation.h */,
				AAE8D07A16FE0A2400999531 /* AFImageRequestOperation.m */,
				AAE8D07B16FE0A2400999531 /* AFJSONRequestOperation.h */,
				AAE8D07C16FE0A2400999531 /* AFJSONRequestOperation.m */,
				AAE8D07D16FE0A2400999531 /* AFNetworkActivityIndicatorManager.h */,
				AAE8D07E16FE0A2400999531 /* AFNetworkActivityIndicatorManager.m */,
				AAE8D07F16FE0A2400999531 /* AFNetworking.h */,
				AAE8D08016FE0A2400999531 /* AFPropertyListRequestOperation.h */,
				AAE8D08116FE0A2400999531 /* AFPropertyListRequestOperation.m */,
				AAE8D08216FE0A2400999531 /* AFURLConnectionOperation.h */,
				AAE8D08316FE0A2400999531 /* AFURLConnectionOperation.m */,
				AAE8D08416FE0A2400999531 /* AFXMLRequestOperation.h */,
				AAE8D08516FE0A2400999531 /* AFXMLRequestOperation.m */,
				AAE8D08616FE0A2400999531 /* UIImageView+AFNetworking.h */,
				AAE8D08716FE0A2400999531 /* UIImageView+AFNetworking.m */,
			);
			path = AFNetworking;
			sourceTree = "<group>";
		};
		AAE8D09B1702BD2000999531 /* Utils */ = {
			isa = PBXGroup;
			children = (
				AAE8D0A01702D53F00999531 /* XMLParser.h */,
				AAE8D0A11702D53F00999531 /* XMLParser.m */,
			);
			name = Utils;
			sourceTree = "<group>";
		};
/* End PBXGroup section */

/* Begin PBXHeadersBuildPhase section */
		AAC83A7816FDCCCF0047C796 /* Headers */ = {
			isa = PBXHeadersBuildPhase;
			buildActionMask = 2147483647;
			files = (
				AAE8D08816FE0A2400999531 /* AFHTTPClient.h in Headers */,
				AAE8D08A16FE0A2400999531 /* AFHTTPRequestOperation.h in Headers */,
				AAE8D08C16FE0A2400999531 /* AFImageRequestOperation.h in Headers */,
				AAE8D08E16FE0A2400999531 /* AFJSONRequestOperation.h in Headers */,
				AAE8D09016FE0A2400999531 /* AFNetworkActivityIndicatorManager.h in Headers */,
				AAE8D09216FE0A2400999531 /* AFNetworking.h in Headers */,
				AAE8D09316FE0A2400999531 /* AFPropertyListRequestOperation.h in Headers */,
				AAE8D09516FE0A2400999531 /* AFURLConnectionOperation.h in Headers */,
				AAE8D09716FE0A2400999531 /* AFXMLRequestOperation.h in Headers */,
				AAE8D09916FE0A2400999531 /* UIImageView+AFNetworking.h in Headers */,
				AAE8D09E1702D2F300999531 /* RemoteModel.h in Headers */,
				AAE8D0A21702D53F00999531 /* XMLParser.h in Headers */,
				AAE8D0B9170358CE00999531 /* TestTableViewController.h in Headers */,
			);
			runOnlyForDeploymentPostprocessing = 0;
		};
/* End PBXHeadersBuildPhase section */

/* Begin PBXNativeTarget section */
		AA4DC9E316F360E50060A000 /* Test */ = {
			isa = PBXNativeTarget;
			buildConfigurationList = AA4DCA0116F360E50060A000 /* Build configuration list for PBXNativeTarget "Test" */;
			buildPhases = (
				AA4DC9E016F360E50060A000 /* Sources */,
				AA4DC9E116F360E50060A000 /* Frameworks */,
				AA4DC9E216F360E50060A000 /* Resources */,
				AAC83A7716FDCC5B0047C796 /* CopyFiles */,
				AAC83A7816FDCCCF0047C796 /* Headers */,
			);
			buildRules = (
			);
			dependencies = (
			);
			name = Test;
			productName = Test;
			productReference = AA4DC9E416F360E50060A000 /* Test.app */;
			productType = "com.apple.product-type.application";
		};
/* End PBXNativeTarget section */

/* Begin PBXProject section */
		AA4DC9DC16F360E50060A000 /* Project object */ = {
			isa = PBXProject;
			attributes = {
				LastUpgradeCheck = 0460;
				ORGANIZATIONNAME = Toxic;
			};
			buildConfigurationList = AA4DC9DF16F360E50060A000 /* Build configuration list for PBXProject "Test" */;
			compatibilityVersion = "Xcode 3.2";
			developmentRegion = English;
			hasScannedForEncodings = 0;
			knownRegions = (
				en,
			);
			mainGroup = AA4DC9DB16F360E50060A000;
			productRefGroup = AA4DC9E516F360E50060A000 /* Products */;
			projectDirPath = "";
			projectRoot = "";
			targets = (
				AA4DC9E316F360E50060A000 /* Test */,
			);
		};
/* End PBXProject section */

/* Begin PBXResourcesBuildPhase section */
		AA4DC9E216F360E50060A000 /* Resources */ = {
			isa = PBXResourcesBuildPhase;
			buildActionMask = 2147483647;
			files = (
				AABEA4BC170483100038C7DA /* glMatrix-0.9.5.min.js in Resources */,
				AA4DC9F216F360E50060A000 /* InfoPlist.strings in Resources */,
				AA4DC9FA16F360E50060A000 /* Default.png in Resources */,
				AA4DC9FC16F360E50060A000 /* Default@2x.png in Resources */,
				AA4DC9FE16F360E50060A000 /* Default-568h@2x.png in Resources */,
				AA4DCA0516F3610F0060A000 /* MyWebView.xib in Resources */,
				AA72E33B16F60587004D29F5 /* index_2.html in Resources */,
				AAE8D0BB170358CE00999531 /* TestTableViewController.xib in Resources */,
			);
			runOnlyForDeploymentPostprocessing = 0;
		};
/* End PBXResourcesBuildPhase section */

/* Begin PBXSourcesBuildPhase section */
		AA4DC9E016F360E50060A000 /* Sources */ = {
			isa = PBXSourcesBuildPhase;
			buildActionMask = 2147483647;
			files = (
				AA4DC9F416F360E50060A000 /* main.m in Sources */,
				AA4DC9F816F360E50060A000 /* AppDelegate.m in Sources */,
				AA4DCA0816F361D30060A000 /* MyWebViewController.m in Sources */,
				AA4DCA5716F5A68A0060A000 /* Face.m in Sources */,
				AA4DCA5816F5A68A0060A000 /* Mesh.m in Sources */,
				AA4DCA5916F5A68A0060A000 /* Vertex.m in Sources */,
				AAE8D08916FE0A2400999531 /* AFHTTPClient.m in Sources */,
				AAE8D08B16FE0A2400999531 /* AFHTTPRequestOperation.m in Sources */,
				AAE8D08D16FE0A2400999531 /* AFImageRequestOperation.m in Sources */,
				AAE8D08F16FE0A2400999531 /* AFJSONRequestOperation.m in Sources */,
				AAE8D09116FE0A2400999531 /* AFNetworkActivityIndicatorManager.m in Sources */,
				AAE8D09416FE0A2400999531 /* AFPropertyListRequestOperation.m in Sources */,
				AAE8D09616FE0A2400999531 /* AFURLConnectionOperation.m in Sources */,
				AAE8D09816FE0A2400999531 /* AFXMLRequestOperation.m in Sources */,
				AAE8D09A16FE0A2400999531 /* UIImageView+AFNetworking.m in Sources */,
				AAE8D09F1702D2F300999531 /* RemoteModel.m in Sources */,
				AAE8D0A31702D53F00999531 /* XMLParser.m in Sources */,
				AAE8D0BA170358CE00999531 /* TestTableViewController.m in Sources */,
			);
			runOnlyForDeploymentPostprocessing = 0;
		};
/* End PBXSourcesBuildPhase section */

/* Begin PBXVariantGroup section */
		AA4DC9F016F360E50060A000 /* InfoPlist.strings */ = {
			isa = PBXVariantGroup;
			children = (
				AA4DC9F116F360E50060A000 /* en */,
			);
			name = InfoPlist.strings;
			sourceTree = "<group>";
		};
/* End PBXVariantGroup section */

/* Begin XCBuildConfiguration section */
		AA4DC9FF16F360E50060A000 /* Debug */ = {
			isa = XCBuildConfiguration;
			buildSettings = {
				ALWAYS_SEARCH_USER_PATHS = NO;
				CLANG_CXX_LANGUAGE_STANDARD = "gnu++0x";
				CLANG_CXX_LIBRARY = "libc++";
				CLANG_WARN_CONSTANT_CONVERSION = YES;
				CLANG_WARN_EMPTY_BODY = YES;
				CLANG_WARN_ENUM_CONVERSION = YES;
				CLANG_WARN_INT_CONVERSION = YES;
				CLANG_WARN__DUPLICATE_METHOD_MATCH = YES;
				"CODE_SIGN_IDENTITY[sdk=iphoneos*]" = "iPhone Developer";
				COPY_PHASE_STRIP = NO;
				GCC_C_LANGUAGE_STANDARD = gnu99;
				GCC_DYNAMIC_NO_PIC = NO;
				GCC_OPTIMIZATION_LEVEL = 0;
				GCC_PREPROCESSOR_DEFINITIONS = (
					"DEBUG=1",
					"$(inherited)",
				);
				GCC_SYMBOLS_PRIVATE_EXTERN = NO;
				GCC_WARN_ABOUT_RETURN_TYPE = YES;
				GCC_WARN_UNINITIALIZED_AUTOS = YES;
				GCC_WARN_UNUSED_VARIABLE = YES;
				IPHONEOS_DEPLOYMENT_TARGET = 6.1;
				ONLY_ACTIVE_ARCH = YES;
				SDKROOT = iphoneos;
				TARGETED_DEVICE_FAMILY = "1,2";
			};
			name = Debug;
		};
		AA4DCA0016F360E50060A000 /* Release */ = {
			isa = XCBuildConfiguration;
			buildSettings = {
				ALWAYS_SEARCH_USER_PATHS = NO;
				CLANG_CXX_LANGUAGE_STANDARD = "gnu++0x";
				CLANG_CXX_LIBRARY = "libc++";
				CLANG_WARN_CONSTANT_CONVERSION = YES;
				CLANG_WARN_EMPTY_BODY = YES;
				CLANG_WARN_ENUM_CONVERSION = YES;
				CLANG_WARN_INT_CONVERSION = YES;
				CLANG_WARN__DUPLICATE_METHOD_MATCH = YES;
				"CODE_SIGN_IDENTITY[sdk=iphoneos*]" = "iPhone Developer";
				COPY_PHASE_STRIP = YES;
				GCC_C_LANGUAGE_STANDARD = gnu99;
				GCC_WARN_ABOUT_RETURN_TYPE = YES;
				GCC_WARN_UNINITIALIZED_AUTOS = YES;
				GCC_WARN_UNUSED_VARIABLE = YES;
				IPHONEOS_DEPLOYMENT_TARGET = 6.1;
				OTHER_CFLAGS = "-DNS_BLOCK_ASSERTIONS=1";
				SDKROOT = iphoneos;
				TARGETED_DEVICE_FAMILY = "1,2";
				VALIDATE_PRODUCT = YES;
			};
			name = Release;
		};
		AA4DCA0216F360E50060A000 /* Debug */ = {
			isa = XCBuildConfiguration;
			buildSettings = {
				CLANG_ENABLE_OBJC_ARC = YES;
				GCC_PRECOMPILE_PREFIX_HEADER = YES;
				GCC_PREFIX_HEADER = "Test/Test-Prefix.pch";
				INFOPLIST_FILE = "Test/Test-Info.plist";
				PRODUCT_NAME = "$(TARGET_NAME)";
				WRAPPER_EXTENSION = app;
			};
			name = Debug;
		};
		AA4DCA0316F360E50060A000 /* Release */ = {
			isa = XCBuildConfiguration;
			buildSettings = {
				CLANG_ENABLE_OBJC_ARC = YES;
				GCC_PRECOMPILE_PREFIX_HEADER = YES;
				GCC_PREFIX_HEADER = "Test/Test-Prefix.pch";
				INFOPLIST_FILE = "Test/Test-Info.plist";
				PRODUCT_NAME = "$(TARGET_NAME)";
				WRAPPER_EXTENSION = app;
			};
			name = Release;
		};
/* End XCBuildConfiguration section */

/* Begin XCConfigurationList section */
		AA4DC9DF16F360E50060A000 /* Build configuration list for PBXProject "Test" */ = {
			isa = XCConfigurationList;
			buildConfigurations = (
				AA4DC9FF16F360E50060A000 /* Debug */,
				AA4DCA0016F360E50060A000 /* Release */,
			);
			defaultConfigurationIsVisible = 0;
			defaultConfigurationName = Release;
		};
		AA4DCA0116F360E50060A000 /* Build configuration list for PBXNativeTarget "Test" */ = {
			isa = XCConfigurationList;
			buildConfigurations = (
				AA4DCA0216F360E50060A000 /* Debug */,
				AA4DCA0316F360E50060A000 /* Release */,
			);
			defaultConfigurationIsVisible = 0;
			defaultConfigurationName = Release;
		};
/* End XCConfigurationList section */
	};
	rootObject = AA4DC9DC16F360E50060A000 /* Project object */;
}
